
Microsoft Visual Studio Solution File, Format Version 12.00
# Visual Studio 14
VisualStudioVersion = 14.0.23107.0
MinimumVisualStudioVersion = 10.0.40219.1
Project("{FAE04EC0-301F-11D3-BF4B-00C04F79EFBC}") = "FligServer", "FligServer\FligServer.csproj", "{7B868239-BCFD-4AEC-AC13-8CDB27889A0D}"
EndProject
Project("{FAE04EC0-301F-11D3-BF4B-00C04F79EFBC}") = "FligServerTests", "FligServerTests\FligServerTests.csproj", "{730D95A5-9E61-4D15-8485-B6415510211E}"
EndProject
Global
	GlobalSection(SolutionConfigurationPlatforms) = preSolution
		Debug|Any CPU = Debug|Any CPU
		Release|Any CPU = Release|Any CPU
	EndGlobalSection
	GlobalSection(ProjectConfigurationPlatforms) = postSolution
		{7B868239-BCFD-4AEC-AC13-8CDB27889A0D}.Debug|Any CPU.ActiveCfg = Debug|Any CPU
		{7B868239-BCFD-4AEC-AC13-8CDB27889A0D}.Debug|Any CPU.Build.0 = Debug|Any CPU
		{7B868239-BCFD-4AEC-AC13-8CDB27889A0D}.Release|Any CPU.ActiveCfg = Release|Any CPU
		{7B868239-BCFD-4AEC-AC13-8CDB27889A0D}.Release|Any CPU.Build.0 = Release|Any CPU
		{730D95A5-9E61-4D15-8485-B6415510211E}.Debug|Any CPU.ActiveCfg = Debug|Any CPU
		{730D95A5-9E61-4D15-8485-B6415510211E}.Debug|Any CPU.Build.0 = Debug|Any CPU
		{730D95A5-9E61-4D15-8485-B6415510211E}.Release|Any CPU.ActiveCfg = Release|Any CPU
		{730D95A5-9E61-4D15-8485-B6415510211E}.Release|Any CPU.Build.0 = Release|Any CPU
	EndGlobalSection
	GlobalSection(SolutionProperties) = preSolution
		HideSolutionNode = FALSE
	EndGlobalSection
EndGlobal
